// !$*UTF8*$!
{
	archiveVersion = 1;
	classes = {
	};
	objectVersion = 50;
	objects = {

/* Begin PBXBuildFile section */
		38C819EA21C72898009687F8 /* AppDelegate.swift in Sources */ = {isa = PBXBuildFile; fileRef = 38C819E921C72898009687F8 /* AppDelegate.swift */; };
		38C819EC21C72898009687F8 /* MasterViewController.swift in Sources */ = {isa = PBXBuildFile; fileRef = 38C819EB21C72898009687F8 /* MasterViewController.swift */; };
		38C819EE21C72898009687F8 /* DetailViewController.swift in Sources */ = {isa = PBXBuildFile; fileRef = 38C819ED21C72898009687F8 /* DetailViewController.swift */; };
		38C819F121C72898009687F8 /* Main.storyboard in Resources */ = {isa = PBXBuildFile; fileRef = 38C819EF21C72898009687F8 /* Main.storyboard */; };
		38C819F321C7289A009687F8 /* Assets.xcassets in Resources */ = {isa = PBXBuildFile; fileRef = 38C819F221C7289A009687F8 /* Assets.xcassets */; };
		38C819F621C7289A009687F8 /* LaunchScreen.storyboard in Resources */ = {isa = PBXBuildFile; fileRef = 38C819F421C7289A009687F8 /* LaunchScreen.storyboard */; };
		38C81A0121C7289A009687F8 /* Ajax12Tests.swift in Sources */ = {isa = PBXBuildFile; fileRef = 38C81A0021C7289A009687F8 /* Ajax12Tests.swift */; };
		38C81A0C21C7289A009687F8 /* Ajax12UITests.swift in Sources */ = {isa = PBXBuildFile; fileRef = 38C81A0B21C7289A009687F8 /* Ajax12UITests.swift */; };
/* End PBXBuildFile section */

/* Begin PBXContainerItemProxy section */
		38C819FD21C7289A009687F8 /* PBXContainerItemProxy */ = {
			isa = PBXContainerItemProxy;
			containerPortal = 38C819DE21C72898009687F8 /* Project object */;
			proxyType = 1;
			remoteGlobalIDString = 38C819E521C72898009687F8;
			remoteInfo = Ajax12;
		};
		38C81A0821C7289A009687F8 /* PBXContainerItemProxy */ = {
			isa = PBXContainerItemProxy;
			containerPortal = 38C819DE21C72898009687F8 /* Project object */;
			proxyType = 1;
			remoteGlobalIDString = 38C819E521C72898009687F8;
			remoteInfo = Ajax12;
		};
/* End PBXContainerItemProxy section */

/* Begin PBXFileReference section */
		38C819E621C72898009687F8 /* Ajax12.app */ = {isa = PBXFileReference; explicitFileType = wrapper.application; includeInIndex = 0; path = Ajax12.app; sourceTree = BUILT_PRODUCTS_DIR; };
		38C819E921C72898009687F8 /* AppDelegate.swift */ = {isa = PBXFileReference; lastKnownFileType = sourcecode.swift; path = AppDelegate.swift; sourceTree = "<group>"; };
		38C819EB21C72898009687F8 /* MasterViewController.swift */ = {isa = PBXFileReference; lastKnownFileType = sourcecode.swift; path = MasterViewController.swift; sourceTree = "<group>"; };
		38C819ED21C72898009687F8 /* DetailViewController.swift */ = {isa = PBXFileReference; lastKnownFileType = sourcecode.swift; path = DetailViewController.swift; sourceTree = "<group>"; };
		38C819F021C72898009687F8 /* Base */ = {isa = PBXFileReference; lastKnownFileType = file.storyboard; name = Base; path = Base.lproj/Main.storyboard; sourceTree = "<group>"; };
		38C819F221C7289A009687F8 /* Assets.xcassets */ = {isa = PBXFileReference; lastKnownFileType = folder.assetcatalog; path = Assets.xcassets; sourceTree = "<group>"; };
		38C819F521C7289A009687F8 /* Base */ = {isa = PBXFileReference; lastKnownFileType = file.storyboard; name = Base; path = Base.lproj/LaunchScreen.storyboard; sourceTree = "<group>"; };
		38C819F721C7289A009687F8 /* Info.plist */ = {isa = PBXFileReference; lastKnownFileType = text.plist.xml; path = Info.plist; sourceTree = "<group>"; };
		38C819FC21C7289A009687F8 /* Ajax12Tests.xctest */ = {isa = PBXFileReference; explicitFileType = wrapper.cfbundle; includeInIndex = 0; path = Ajax12Tests.xctest; sourceTree = BUILT_PRODUCTS_DIR; };
		38C81A0021C7289A009687F8 /* Ajax12Tests.swift */ = {isa = PBXFileReference; lastKnownFileType = sourcecode.swift; path = Ajax12Tests.swift; sourceTree = "<group>"; };
		38C81A0221C7289A009687F8 /* Info.plist */ = {isa = PBXFileReference; lastKnownFileType = text.plist.xml; path = Info.plist; sourceTree = "<group>"; };
		38C81A0721C7289A009687F8 /* Ajax12UITests.xctest */ = {isa = PBXFileReference; explicitFileType = wrapper.cfbundle; includeInIndex = 0; path = Ajax12UITests.xctest; sourceTree = BUILT_PRODUCTS_DIR; };
		38C81A0B21C7289A009687F8 /* Ajax12UITests.swift */ = {isa = PBXFileReference; lastKnownFileType = sourcecode.swift; path = Ajax12UITests.swift; sourceTree = "<group>"; };
		38C81A0D21C7289A009687F8 /* Info.plist */ = {isa = PBXFileReference; lastKnownFileType = text.plist.xml; path = Info.plist; sourceTree = "<group>"; };
/* End PBXFileReference section */

/* Begin PBXFrameworksBuildPhase section */
		38C819E321C72898009687F8 /* Frameworks */ = {
			isa = PBXFrameworksBuildPhase;
			buildActionMask = 2147483647;
			files = (
			);
			runOnlyForDeploymentPostprocessing = 0;
		};
		38C819F921C7289A009687F8 /* Frameworks */ = {
			isa = PBXFrameworksBuildPhase;
			buildActionMask = 2147483647;
			files = (
			);
			runOnlyForDeploymentPostprocessing = 0;
		};
		38C81A0421C7289A009687F8 /* Frameworks */ = {
			isa = PBXFrameworksBuildPhase;
			buildActionMask = 2147483647;
			files = (
			);
			runOnlyForDeploymentPostprocessing = 0;
		};
/* End PBXFrameworksBuildPhase section */

/* Begin PBXGroup section */
		38C819DD21C72898009687F8 = {
			isa = PBXGroup;
			children = (
				38C819E821C72898009687F8 /* Ajax12 */,
				38C819FF21C7289A009687F8 /* Ajax12Tests */,
				38C81A0A21C7289A009687F8 /* Ajax12UITests */,
				38C819E721C72898009687F8 /* Products */,
			);
			sourceTree = "<group>";
		};
		38C819E721C72898009687F8 /* Products */ = {
			isa = PBXGroup;
			children = (
				38C819E621C72898009687F8 /* Ajax12.app */,
				38C819FC21C7289A009687F8 /* Ajax12Tests.xctest */,
				38C81A0721C7289A009687F8 /* Ajax12UITests.xctest */,
			);
			name = Products;
			sourceTree = "<group>";
		};
		38C819E821C72898009687F8 /* Ajax12 */ = {
			isa = PBXGroup;
			children = (
				38C819E921C72898009687F8 /* AppDelegate.swift */,
				38C819EB21C72898009687F8 /* MasterViewController.swift */,
				38C819ED21C72898009687F8 /* DetailViewController.swift */,
				38C819EF21C72898009687F8 /* Main.storyboard */,
				38C819F221C7289A009687F8 /* Assets.xcassets */,
				38C819F421C7289A009687F8 /* LaunchScreen.storyboard */,
				38C819F721C7289A009687F8 /* Info.plist */,
			);
			path = Ajax12;
			sourceTree = "<group>";
		};
		38C819FF21C7289A009687F8 /* Ajax12Tests */ = {
			isa = PBXGroup;
			children = (
				38C81A0021C7289A009687F8 /* Ajax12Tests.swift */,
				38C81A0221C7289A009687F8 /* Info.plist */,
			);
			path = Ajax12Tests;
			sourceTree = "<group>";
		};
		38C81A0A21C7289A009687F8 /* Ajax12UITests */ = {
			isa = PBXGroup;
			children = (
				38C81A0B21C7289A009687F8 /* Ajax12UITests.swift */,
				38C81A0D21C7289A009687F8 /* Info.plist */,
			);
			path = Ajax12UITests;
			sourceTree = "<group>";
		};
/* End PBXGroup section */

/* Begin PBXNativeTarget section */
		38C819E521C72898009687F8 /* Ajax12 */ = {
			isa = PBXNativeTarget;
			buildConfigurationList = 38C81A1021C7289A009687F8 /* Build configuration list for PBXNativeTarget "Ajax12" */;
			buildPhases = (
				38C819E221C72898009687F8 /* Sources */,
				38C819E321C72898009687F8 /* Frameworks */,
				38C819E421C72898009687F8 /* Resources */,
			);
			buildRules = (
			);
			dependencies = (
			);
			name = Ajax12;
			productName = Ajax12;
			productReference = 38C819E621C72898009687F8 /* Ajax12.app */;
			productType = "com.apple.product-type.application";
		};
		38C819FB21C7289A009687F8 /* Ajax12Tests */ = {
			isa = PBXNativeTarget;
			buildConfigurationList = 38C81A1321C7289A009687F8 /* Build configuration list for PBXNativeTarget "Ajax12Tests" */;
			buildPhases = (
				38C819F821C7289A009687F8 /* Sources */,
				38C819F921C7289A009687F8 /* Frameworks */,
				38C819FA21C7289A009687F8 /* Resources */,
			);
			buildRules = (
			);
			dependencies = (
				38C819FE21C7289A009687F8 /* PBXTargetDependency */,
			);
			name = Ajax12Tests;
			productName = Ajax12Tests;
			productReference = 38C819FC21C7289A009687F8 /* Ajax12Tests.xctest */;
			productType = "com.apple.product-type.bundle.unit-test";
		};
		38C81A0621C7289A009687F8 /* Ajax12UITests */ = {
			isa = PBXNativeTarget;
			buildConfigurationList = 38C81A1621C7289A009687F8 /* Build configuration list for PBXNativeTarget "Ajax12UITests" */;
			buildPhases = (
				38C81A0321C7289A009687F8 /* Sources */,
				38C81A0421C7289A009687F8 /* Frameworks */,
				38C81A0521C7289A009687F8 /* Resources */,
			);
			buildRules = (
			);
			dependencies = (
				38C81A0921C7289A009687F8 /* PBXTargetDependency */,
			);
			name = Ajax12UITests;
			productName = Ajax12UITests;
			productReference = 38C81A0721C7289A009687F8 /* Ajax12UITests.xctest */;
			productType = "com.apple.product-type.bundle.ui-testing";
		};
/* End PBXNativeTarget section */

/* Begin PBXProject section */
		38C819DE21C72898009687F8 /* Project object */ = {
			isa = PBXProject;
			attributes = {
				LastSwiftUpdateCheck = 1010;
				LastUpgradeCheck = 1010;
				ORGANIZATIONNAME = "Kenn Villegas";
				TargetAttributes = {
					38C819E521C72898009687F8 = {
						CreatedOnToolsVersion = 10.1;
					};
					38C819FB21C7289A009687F8 = {
						CreatedOnToolsVersion = 10.1;
						TestTargetID = 38C819E521C72898009687F8;
					};
					38C81A0621C7289A009687F8 = {
						CreatedOnToolsVersion = 10.1;
						TestTargetID = 38C819E521C72898009687F8;
					};
				};
			};
			buildConfigurationList = 38C819E121C72898009687F8 /* Build configuration list for PBXProject "Ajax12" */;
			compatibilityVersion = "Xcode 9.3";
			developmentRegion = en;
			hasScannedForEncodings = 0;
			knownRegions = (
				en,
				Base,
			);
			mainGroup = 38C819DD21C72898009687F8;
			productRefGroup = 38C819E721C72898009687F8 /* Products */;
			projectDirPath = "";
			projectRoot = "";
			targets = (
				38C819E521C72898009687F8 /* Ajax12 */,
				38C819FB21C7289A009687F8 /* Ajax12Tests */,
				38C81A0621C7289A009687F8 /* Ajax12UITests */,
			);
		};
/* End PBXProject section */

/* Begin PBXResourcesBuildPhase section */
		38C819E421C72898009687F8 /* Resources */ = {
			isa = PBXResourcesBuildPhase;
			buildActionMask = 2147483647;
			files = (
				38C819F621C7289A009687F8 /* LaunchScreen.storyboard in Resources */,
				38C819F321C7289A009687F8 /* Assets.xcassets in Resources */,
				38C819F121C72898009687F8 /* Main.storyboard in Resources */,
			);
			runOnlyForDeploymentPostprocessing = 0;
		};
		38C819FA21C7289A009687F8 /* Resources */ = {
			isa = PBXResourcesBuildPhase;
			buildActionMask = 2147483647;
			files = (
			);
			runOnlyForDeploymentPostprocessing = 0;
		};
		38C81A0521C7289A009687F8 /* Resources */ = {
			isa = PBXResourcesBuildPhase;
			buildActionMask = 2147483647;
			files = (
			);
			runOnlyForDeploymentPostprocessing = 0;
		};
/* End PBXResourcesBuildPhase section */

/* Begin PBXSourcesBuildPhase section */
		38C819E221C72898009687F8 /* Sources */ = {
			isa = PBXSourcesBuildPhase;
			buildActionMask = 2147483647;
			files = (
				38C819EE21C72898009687F8 /* DetailViewController.swift in Sources */,
				38C819EC21C72898009687F8 /* MasterViewController.swift in Sources */,
				38C819EA21C72898009687F8 /* AppDelegate.swift in Sources */,
			);
			runOnlyForDeploymentPostprocessing = 0;
		};
		38C819F821C7289A009687F8 /* Sources */ = {
			isa = PBXSourcesBuildPhase;
			buildActionMask = 2147483647;
			files = (
				38C81A0121C7289A009687F8 /* Ajax12Tests.swift in Sources */,
			);
			runOnlyForDeploymentPostprocessing = 0;
		};
		38C81A0321C7289A009687F8 /* Sources */ = {
			isa = PBXSourcesBuildPhase;
			buildActionMask = 2147483647;
			files = (
				38C81A0C21C7289A009687F8 /* Ajax12UITests.swift in Sources */,
			);
			runOnlyForDeploymentPostprocessing = 0;
		};
/* End PBXSourcesBuildPhase section */

/* Begin PBXTargetDependency section */
		38C819FE21C7289A009687F8 /* PBXTargetDependency */ = {
			isa = PBXTargetDependency;
			target = 38C819E521C72898009687F8 /* Ajax12 */;
			targetProxy = 38C819FD21C7289A009687F8 /* PBXContainerItemProxy */;
		};
		38C81A0921C7289A009687F8 /* PBXTargetDependency */ = {
			isa = PBXTargetDependency;
			target = 38C819E521C72898009687F8 /* Ajax12 */;
			targetProxy = 38C81A0821C7289A009687F8 /* PBXContainerItemProxy */;
		};
/* End PBXTargetDependency section */

/* Begin PBXVariantGroup section */
		38C819EF21C72898009687F8 /* Main.storyboard */ = {
			isa = PBXVariantGroup;
			children = (
				38C819F021C72898009687F8 /* Base */,
			);
			name = Main.storyboard;
			sourceTree = "<group>";
		};
		38C819F421C7289A009687F8 /* LaunchScreen.storyboard */ = {
			isa = PBXVariantGroup;
			children = (
				38C819F521C7289A009687F8 /* Base */,
			);
			name = LaunchScreen.storyboard;
			sourceTree = "<group>";
		};
/* End PBXVariantGroup section */

/* Begin XCBuildConfiguration section */
		38C81A0E21C7289A009687F8 /* Debug */ = {
			isa = XCBuildConfiguration;
			buildSettings = {
				ALWAYS_SEARCH_USER_PATHS = NO;
				CLANG_ANALYZER_NONNULL = YES;
				CLANG_ANALYZER_NUMBER_OBJECT_CONVERSION = YES_AGGRESSIVE;
				CLANG_CXX_LANGUAGE_STANDARD = "gnu++14";
				CLANG_CXX_LIBRARY = "libc++";
				CLANG_ENABLE_MODULES = YES;
				CLANG_ENABLE_OBJC_ARC = YES;
				CLANG_ENABLE_OBJC_WEAK = YES;
				CLANG_WARN_BLOCK_CAPTURE_AUTORELEASING = YES;
				CLANG_WARN_BOOL_CONVERSION = YES;
				CLANG_WARN_COMMA = YES;
				CLANG_WARN_CONSTANT_CONVERSION = YES;
				CLANG_WARN_DEPRECATED_OBJC_IMPLEMENTATIONS = YES;
				CLANG_WARN_DIRECT_OBJC_ISA_USAGE = YES_ERROR;
				CLANG_WARN_DOCUMENTATION_COMMENTS = YES;
				CLANG_WARN_EMPTY_BODY = YES;
				CLANG_WARN_ENUM_CONVERSION = YES;
				CLANG_WARN_INFINITE_RECURSION = YES;
				CLANG_WARN_INT_CONVERSION = YES;
				CLANG_WARN_NON_LITERAL_NULL_CONVERSION = YES;
				CLANG_WARN_OBJC_IMPLICIT_RETAIN_SELF = YES;
				CLANG_WARN_OBJC_LITERAL_CONVERSION = YES;
				CLANG_WARN_OBJC_ROOT_CLASS = YES_ERROR;
				CLANG_WARN_RANGE_LOOP_ANALYSIS = YES;
				CLANG_WARN_STRICT_PROTOTYPES = YES;
				CLANG_WARN_SUSPICIOUS_MOVE = YES;
				CLANG_WARN_UNGUARDED_AVAILABILITY = YES_AGGRESSIVE;
				CLANG_WARN_UNREACHABLE_CODE = YES;
				CLANG_WARN__DUPLICATE_METHOD_MATCH = YES;
				CODE_SIGN_IDENTITY = "iPhone Developer";
				COPY_PHASE_STRIP = NO;
				DEBUG_INFORMATION_FORMAT = dwarf;
				ENABLE_STRICT_OBJC_MSGSEND = YES;
				ENABLE_TESTABILITY = YES;
				GCC_C_LANGUAGE_STANDARD = gnu11;
				GCC_DYNAMIC_NO_PIC = NO;
				GCC_NO_COMMON_BLOCKS = YES;
				GCC_OPTIMIZATION_LEVEL = 0;
				GCC_PREPROCESSOR_DEFINITIONS = (
					"DEBUG=1",
					"$(inherited)",
				);
				GCC_WARN_64_TO_32_BIT_CONVERSION = YES;
				GCC_WARN_ABOUT_RETURN_TYPE = YES_ERROR;
				GCC_WARN_UNDECLARED_SELECTOR = YES;
				GCC_WARN_UNINITIALIZED_AUTOS = YES_AGGRESSIVE;
				GCC_WARN_UNUSED_FUNCTION = YES;
				GCC_WARN_UNUSED_VARIABLE = YES;
				IPHONEOS_DEPLOYMENT_TARGET = 12.1;
				MTL_ENABLE_DEBUG_INFO = INCLUDE_SOURCE;
				MTL_FAST_MATH = YES;
				ONLY_ACTIVE_ARCH = YES;
				SDKROOT = iphoneos;
				SWIFT_ACTIVE_COMPILATION_CONDITIONS = DEBUG;
				SWIFT_OPTIMIZATION_LEVEL = "-Onone";
			};
			name = Debug;
		};
		38C81A0F21C7289A009687F8 /* Release */ = {
			isa = XCBuildConfiguration;
			buildSettings = {
				ALWAYS_SEARCH_USER_PATHS = NO;
				CLANG_ANALYZER_NONNULL = YES;
				CLANG_ANALYZER_NUMBER_OBJECT_CONVERSION = YES_AGGRESSIVE;
				CLANG_CXX_LANGUAGE_STANDARD = "gnu++14";
				CLANG_CXX_LIBRARY = "libc++";
				CLANG_ENABLE_MODULES = YES;
				CLANG_ENABLE_OBJC_ARC = YES;
				CLANG_ENABLE_OBJC_WEAK = YES;
				CLANG_WARN_BLOCK_CAPTURE_AUTORELEASING = YES;
				CLANG_WARN_BOOL_CONVERSION = YES;
				CLANG_WARN_COMMA = YES;
				CLANG_WARN_CONSTANT_CONVERSION = YES;
				CLANG_WARN_DEPRECATED_OBJC_IMPLEMENTATIONS = YES;
				CLANG_WARN_DIRECT_OBJC_ISA_USAGE = YES_ERROR;
				CLANG_WARN_DOCUMENTATION_COMMENTS = YES;
				CLANG_WARN_EMPTY_BODY = YES;
				CLANG_WARN_ENUM_CONVERSION = YES;
				CLANG_WARN_INFINITE_RECURSION = YES;
				CLANG_WARN_INT_CONVERSION = YES;
				CLANG_WARN_NON_LITERAL_NULL_CONVERSION = YES;
				CLANG_WARN_OBJC_IMPLICIT_RETAIN_SELF = YES;
				CLANG_WARN_OBJC_LITERAL_CONVERSION = YES;
				CLANG_WARN_OBJC_ROOT_CLASS = YES_ERROR;
				CLANG_WARN_RANGE_LOOP_ANALYSIS = YES;
				CLANG_WARN_STRICT_PROTOTYPES = YES;
				CLANG_WARN_SUSPICIOUS_MOVE = YES;
				CLANG_WARN_UNGUARDED_AVAILABILITY = YES_AGGRESSIVE;
				CLANG_WARN_UNREACHABLE_CODE = YES;
				CLANG_WARN__DUPLICATE_METHOD_MATCH = YES;
				CODE_SIGN_IDENTITY = "iPhone Developer";
				COPY_PHASE_STRIP = NO;
				DEBUG_INFORMATION_FORMAT = "dwarf-with-dsym";
				ENABLE_NS_ASSERTIONS = NO;
				ENABLE_STRICT_OBJC_MSGSEND = YES;
				GCC_C_LANGUAGE_STANDARD = gnu11;
				GCC_NO_COMMON_BLOCKS = YES;
				GCC_WARN_64_TO_32_BIT_CONVERSION = YES;
				GCC_WARN_ABOUT_RETURN_TYPE = YES_ERROR;
				GCC_WARN_UNDECLARED_SELECTOR = YES;
				GCC_WARN_UNINITIALIZED_AUTOS = YES_AGGRESSIVE;
				GCC_WARN_UNUSED_FUNCTION = YES;
				GCC_WARN_UNUSED_VARIABLE = YES;
				IPHONEOS_DEPLOYMENT_TARGET = 12.1;
				MTL_ENABLE_DEBUG_INFO = NO;
				MTL_FAST_MATH = YES;
				SDKROOT = iphoneos;
				SWIFT_COMPILATION_MODE = wholemodule;
				SWIFT_OPTIMIZATION_LEVEL = "-O";
				VALIDATE_PRODUCT = YES;
			};
			name = Release;
		};
		38C81A1121C7289A009687F8 /* Debug */ = {
			isa = XCBuildConfiguration;
			buildSettings = {
				ASSETCATALOG_COMPILER_APPICON_NAME = AppIcon;
				CODE_SIGN_STYLE = Automatic;
				DEVELOPMENT_TEAM = LQ75G5YK98;
				INFOPLIST_FILE = Ajax12/Info.plist;
				LD_RUNPATH_SEARCH_PATHS = (
					"$(inherited)",
					"@executable_path/Frameworks",
				);
				PRODUCT_BUNDLE_IDENTIFIER = edu.K3nV.Ajax12;
				PRODUCT_NAME = "$(TARGET_NAME)";
				SWIFT_VERSION = 4.2;
				TARGETED_DEVICE_FAMILY = "1,2";
			};
			name = Debug;
		};
		38C81A1221C7289A009687F8 /* Release */ = {
			isa = XCBuildConfiguration;
			buildSettings = {
				ASSETCATALOG_COMPILER_APPICON_NAME = AppIcon;
				CODE_SIGN_STYLE = Automatic;
				DEVELOPMENT_TEAM = LQ75G5YK98;
				INFOPLIST_FILE = Ajax12/Info.plist;
				LD_RUNPATH_SEARCH_PATHS = (
					"$(inherited)",
					"@executable_path/Frameworks",
				);
				PRODUCT_BUNDLE_IDENTIFIER = edu.K3nV.Ajax12;
				PRODUCT_NAME = "$(TARGET_NAME)";
				SWIFT_VERSION = 4.2;
				TARGETED_DEVICE_FAMILY = "1,2";
			};
			name = Release;
		};
		38C81A1421C7289A009687F8 /* Debug */ = {
			isa = XCBuildConfiguration;
			buildSettings = {
				ALWAYS_EMBED_SWIFT_STANDARD_LIBRARIES = YES;
				BUNDLE_LOADER = "$(TEST_HOST)";
				CODE_SIGN_STYLE = Automatic;
				DEVELOPMENT_TEAM = LQ75G5YK98;
				INFOPLIST_FILE = Ajax12Tests/Info.plist;
				LD_RUNPATH_SEARCH_PATHS = (
					"$(inherited)",
					"@executable_path/Frameworks",
					"@loader_path/Frameworks",
				);
				PRODUCT_BUNDLE_IDENTIFIER = edu.K3nV.Ajax12Tests;
				PRODUCT_NAME = "$(TARGET_NAME)";
				SWIFT_VERSION = 4.2;
				TARGETED_DEVICE_FAMILY = "1,2";
				TEST_HOST = "$(BUILT_PRODUCTS_DIR)/Ajax12.app/Ajax12";
			};
			name = Debug;
		};
		38C81A1521C7289A009687F8 /* Release */ = {
			isa = XCBuildConfiguration;
			buildSettings = {
				ALWAYS_EMBED_SWIFT_STANDARD_LIBRARIES = YES;
				BUNDLE_LOADER = "$(TEST_HOST)";
				CODE_SIGN_STYLE = Automatic;
				DEVELOPMENT_TEAM = LQ75G5YK98;
				INFOPLIST_FILE = Ajax12Tests/Info.plist;
				LD_RUNPATH_SEARCH_PATHS = (
					"$(inherited)",
					"@executable_path/Frameworks",
					"@loader_path/Frameworks",
				);
				PRODUCT_BUNDLE_IDENTIFIER = edu.K3nV.Ajax12Tests;
				PRODUCT_NAME = "$(TARGET_NAME)";
				SWIFT_VERSION = 4.2;
				TARGETED_DEVICE_FAMILY = "1,2";
				TEST_HOST = "$(BUILT_PRODUCTS_DIR)/Ajax12.app/Ajax12";
			};
			name = Release;
		};
		38C81A1721C7289A009687F8 /* Debug */ = {
			isa = XCBuildConfiguration;
			buildSettings = {
				ALWAYS_EMBED_SWIFT_STANDARD_LIBRARIES = YES;
				CODE_SIGN_STYLE = Automatic;
				DEVELOPMENT_TEAM = LQ75G5YK98;
				INFOPLIST_FILE = Ajax12UITests/Info.plist;
				LD_RUNPATH_SEARCH_PATHS = (
					"$(inherited)",
					"@executable_path/Frameworks",
					"@loader_path/Frameworks",
				);
				PRODUCT_BUNDLE_IDENTIFIER = edu.K3nV.Ajax12UITests;
				PRODUCT_NAME = "$(TARGET_NAME)";
				SWIFT_VERSION = 4.2;
				TARGETED_DEVICE_FAMILY = "1,2";
				TEST_TARGET_NAME = Ajax12;
			};
			name = Debug;
		};
		38C81A1821C7289A009687F8 /* Release */ = {
			isa = XCBuildConfiguration;
			buildSettings = {
				ALWAYS_EMBED_SWIFT_STANDARD_LIBRARIES = YES;
				CODE_SIGN_STYLE = Automatic;
				DEVELOPMENT_TEAM = LQ75G5YK98;
				INFOPLIST_FILE = Ajax12UITests/Info.plist;
				LD_RUNPATH_SEARCH_PATHS = (
					"$(inherited)",
					"@executable_path/Frameworks",
					"@loader_path/Frameworks",
				);
				PRODUCT_BUNDLE_IDENTIFIER = edu.K3nV.Ajax12UITests;
				PRODUCT_NAME = "$(TARGET_NAME)";
				SWIFT_VERSION = 4.2;
				TARGETED_DEVICE_FAMILY = "1,2";
				TEST_TARGET_NAME = Ajax12;
			};
			name = Release;
		};
/* End XCBuildConfiguration section */

/* Begin XCConfigurationList section */
		38C819E121C72898009687F8 /* Build configuration list for PBXProject "Ajax12" */ = {
			isa = XCConfigurationList;
			buildConfigurations = (
				38C81A0E21C7289A009687F8 /* Debug */,
				38C81A0F21C7289A009687F8 /* Release */,
			);
			defaultConfigurationIsVisible = 0;
			defaultConfigurationName = Release;
		};
		38C81A1021C7289A009687F8 /* Build configuration list for PBXNativeTarget "Ajax12" */ = {
			isa = XCConfigurationList;
			buildConfigurations = (
				38C81A1121C7289A009687F8 /* Debug */,
				38C81A1221C7289A009687F8 /* Release */,
			);
			defaultConfigurationIsVisible = 0;
			defaultConfigurationName = Release;
		};
		38C81A1321C7289A009687F8 /* Build configuration list for PBXNativeTarget "Ajax12Tests" */ = {
			isa = XCConfigurationList;
			buildConfigurations = (
				38C81A1421C7289A009687F8 /* Debug */,
				38C81A1521C7289A009687F8 /* Release */,
			);
			defaultConfigurationIsVisible = 0;
			defaultConfigurationName = Release;
		};
		38C81A1621C7289A009687F8 /* Build configuration list for PBXNativeTarget "Ajax12UITests" */ = {
			isa = XCConfigurationList;
			buildConfigurations = (
				38C81A1721C7289A009687F8 /* Debug */,
				38C81A1821C7289A009687F8 /* Release */,
			);
			defaultConfigurationIsVisible = 0;
			defaultConfigurationName = Release;
		};
/* End XCConfigurationList section */
	};
	rootObject = 38C819DE21C72898009687F8 /* Project object */;
}
